
Microsoft Visual Studio Solution File, Format Version 11.00
# Visual Studio 2010
Project("{FAE04EC0-301F-11D3-BF4B-00C04F79EFBC}") = "PolandPostfix", "PolandPostfix\PolandPostfix.csproj", "{A4BCA0F0-C50C-444D-8076-3DF582475EF2}"
EndProject
Global
	GlobalSection(SolutionConfigurationPlatforms) = preSolution
		Debug|x86 = Debug|x86
		Release|x86 = Release|x86
	EndGlobalSection
	GlobalSection(ProjectConfigurationPlatforms) = postSolution
		{A4BCA0F0-C50C-444D-8076-3DF582475EF2}.Debug|x86.ActiveCfg = Debug|x86
		{A4BCA0F0-C50C-444D-8076-3DF582475EF2}.Debug|x86.Build.0 = Debug|x86
		{A4BCA0F0-C50C-444D-8076-3DF582475EF2}.Release|x86.ActiveCfg = Release|x86
		{A4BCA0F0-C50C-444D-8076-3DF582475EF2}.Release|x86.Build.0 = Release|x86
	EndGlobalSection
	GlobalSection(SolutionProperties) = preSolution
		HideSolutionNode = FALSE
	EndGlobalSection
EndGlobal
